
Microsoft Visual Studio Solution File, Format Version 12.00
# Visual Studio 15
VisualStudioVersion = 15.0.28307.136
MinimumVisualStudioVersion = 10.0.40219.1
Project("{9A19103F-16F7-4668-BE54-9A1E7A4F7556}") = "LogSink", "LogSink\LogSink.csproj", "{5678D6C1-118B-4215-9CE8-C7C8EF078619}"
EndProject
Project("{FAE04EC0-301F-11D3-BF4B-00C04F79EFBC}") = "xUnitTests", "xUnitTests\xUnitTests.csproj", "{AEFD9C31-1051-42F0-93D4-66887248927F}"
EndProject
Global
	GlobalSection(SolutionConfigurationPlatforms) = preSolution
		Debug|Any CPU = Debug|Any CPU
		Release|Any CPU = Release|Any CPU
	EndGlobalSection
	GlobalSection(ProjectConfigurationPlatforms) = postSolution
		{5678D6C1-118B-4215-9CE8-C7C8EF078619}.Debug|Any CPU.ActiveCfg = Debug|Any CPU
		{5678D6C1-118B-4215-9CE8-C7C8EF078619}.Debug|Any CPU.Build.0 = Debug|Any CPU
		{5678D6C1-118B-4215-9CE8-C7C8EF078619}.Release|Any CPU.ActiveCfg = Release|Any CPU
		{5678D6C1-118B-4215-9CE8-C7C8EF078619}.Release|Any CPU.Build.0 = Release|Any CPU
		{AEFD9C31-1051-42F0-93D4-66887248927F}.Debug|Any CPU.ActiveCfg = Debug|Any CPU
		{AEFD9C31-1051-42F0-93D4-66887248927F}.Debug|Any CPU.Build.0 = Debug|Any CPU
		{AEFD9C31-1051-42F0-93D4-66887248927F}.Release|Any CPU.ActiveCfg = Release|Any CPU
		{AEFD9C31-1051-42F0-93D4-66887248927F}.Release|Any CPU.Build.0 = Release|Any CPU
	EndGlobalSection
	GlobalSection(SolutionProperties) = preSolution
		HideSolutionNode = FALSE
	EndGlobalSection
	GlobalSection(ExtensibilityGlobals) = postSolution
		SolutionGuid = {673498A5-0E3B-446E-B83A-8DD29BAC5A36}
	EndGlobalSection
EndGlobal
